Microsoft Visual Studio Solution File, Format Version 11.00
# Visual Studio 2010
Project("{FAE04EC0-301F-11D3-BF4B-00C04F79EFBC}") = "Assembly-CSharp", "Assembly-CSharp.csproj", "{72D75D79-5784-CFBC-5591-5D23FB7A11C9}"
EndProject
Project("{FAE04EC0-301F-11D3-BF4B-00C04F79EFBC}") = "Assembly-CSharp-Editor", "Assembly-CSharp-Editor.csproj", "{453BA5B9-D6F3-B136-DAC6-E07FFBF41E17}"
EndProject
Global
	GlobalSection(SolutionConfigurationPlatforms) = preSolution
		Debug|Any CPU = Debug|Any CPU
		Release|Any CPU = Release|Any CPU
	EndGlobalSection
	GlobalSection(ProjectConfigurationPlatforms) = postSolution
		{72D75D79-5784-CFBC-5591-5D23FB7A11C9}.Debug|Any CPU.ActiveCfg = Debug|Any CPU
		{72D75D79-5784-CFBC-5591-5D23FB7A11C9}.Debug|Any CPU.Build.0 = Debug|Any CPU
		{72D75D79-5784-CFBC-5591-5D23FB7A11C9}.Release|Any CPU.ActiveCfg = Release|Any CPU
		{72D75D79-5784-CFBC-5591-5D23FB7A11C9}.Release|Any CPU.Build.0 = Release|Any CPU
		{453BA5B9-D6F3-B136-DAC6-E07FFBF41E17}.Debug|Any CPU.ActiveCfg = Debug|Any CPU
		{453BA5B9-D6F3-B136-DAC6-E07FFBF41E17}.Debug|Any CPU.Build.0 = Debug|Any CPU
		{453BA5B9-D6F3-B136-DAC6-E07FFBF41E17}.Release|Any CPU.ActiveCfg = Release|Any CPU
		{453BA5B9-D6F3-B136-DAC6-E07FFBF41E17}.Release|Any CPU.Build.0 = Release|Any CPU
	EndGlobalSection
	GlobalSection(SolutionProperties) = preSolution
		HideSolutionNode = FALSE
	EndGlobalSection
EndGlobal
